
Microsoft Visual Studio Solution File, Format Version 12.00
Project("{FAE04EC0-301F-11D3-BF4B-00C04F79EFBC}") = "BA.DB", "BA.DB\BA.DB.csproj", "{94A7A944-4387-48A6-A728-456CFC94F880}"
EndProject
Project("{FAE04EC0-301F-11D3-BF4B-00C04F79EFBC}") = "BA.Module", "BA.Module\BA.Module.csproj", "{23FA0C70-786F-45E5-BA2D-A23044120593}"
EndProject
Global
	GlobalSection(SolutionConfigurationPlatforms) = preSolution
		Debug|Any CPU = Debug|Any CPU
		Release|Any CPU = Release|Any CPU
	EndGlobalSection
	GlobalSection(ProjectConfigurationPlatforms) = postSolution
		{94A7A944-4387-48A6-A728-456CFC94F880}.Debug|Any CPU.ActiveCfg = Debug|Any CPU
		{94A7A944-4387-48A6-A728-456CFC94F880}.Debug|Any CPU.Build.0 = Debug|Any CPU
		{94A7A944-4387-48A6-A728-456CFC94F880}.Release|Any CPU.ActiveCfg = Release|Any CPU
		{94A7A944-4387-48A6-A728-456CFC94F880}.Release|Any CPU.Build.0 = Release|Any CPU
		{23FA0C70-786F-45E5-BA2D-A23044120593}.Debug|Any CPU.ActiveCfg = Debug|Any CPU
		{23FA0C70-786F-45E5-BA2D-A23044120593}.Debug|Any CPU.Build.0 = Debug|Any CPU
		{23FA0C70-786F-45E5-BA2D-A23044120593}.Release|Any CPU.ActiveCfg = Release|Any CPU
		{23FA0C70-786F-45E5-BA2D-A23044120593}.Release|Any CPU.Build.0 = Release|Any CPU
	EndGlobalSection
EndGlobal
