
Microsoft Visual Studio Solution File, Format Version 12.00
Project("{FAE04EC0-301F-11D3-BF4B-00C04F79EFBC}") = "BlankAtom.Database.Pipeline", "BlankAtom.Database.Pipeline\BlankAtom.Database.Pipeline.csproj", "{94A7A944-4387-48A6-A728-456CFC94F880}"
EndProject
Project("{FAE04EC0-301F-11D3-BF4B-00C04F79EFBC}") = "BA.Module", "BA.Module\BA.Module.csproj", "{23FA0C70-786F-45E5-BA2D-A23044120593}"
EndProject
Project("{FAE04EC0-301F-11D3-BF4B-00C04F79EFBC}") = "BA.xTest", "BA.xTest\BA.xTest.csproj", "{321B8894-3C5F-40AD-91C9-D77FD6BDD770}"
EndProject
Project("{FAE04EC0-301F-11D3-BF4B-00C04F79EFBC}") = "BA.Loader", "BA.Loader\BA.Loader.csproj", "{BE29C738-43D3-46BA-A47A-4EFEE8C2CE39}"
EndProject
Project("{FAE04EC0-301F-11D3-BF4B-00C04F79EFBC}") = "BA.Backend", "BA.Backend\BA.Backend.csproj", "{05630B13-1C9E-4E84-A9B9-C5C12891B75E}"
EndProject
Project("{FAE04EC0-301F-11D3-BF4B-00C04F79EFBC}") = "BA.Api", "BA.Api\BA.Api.csproj", "{5283B720-47F7-4D1D-86E1-E6ED570BCDBC}"
EndProject
Global
	GlobalSection(SolutionConfigurationPlatforms) = preSolution
		Debug|Any CPU = Debug|Any CPU
		Release|Any CPU = Release|Any CPU
	EndGlobalSection
	GlobalSection(ProjectConfigurationPlatforms) = postSolution
		{94A7A944-4387-48A6-A728-456CFC94F880}.Debug|Any CPU.ActiveCfg = Debug|Any CPU
		{94A7A944-4387-48A6-A728-456CFC94F880}.Debug|Any CPU.Build.0 = Debug|Any CPU
		{94A7A944-4387-48A6-A728-456CFC94F880}.Release|Any CPU.ActiveCfg = Release|Any CPU
		{94A7A944-4387-48A6-A728-456CFC94F880}.Release|Any CPU.Build.0 = Release|Any CPU
		{23FA0C70-786F-45E5-BA2D-A23044120593}.Debug|Any CPU.ActiveCfg = Debug|Any CPU
		{23FA0C70-786F-45E5-BA2D-A23044120593}.Debug|Any CPU.Build.0 = Debug|Any CPU
		{23FA0C70-786F-45E5-BA2D-A23044120593}.Release|Any CPU.ActiveCfg = Release|Any CPU
		{23FA0C70-786F-45E5-BA2D-A23044120593}.Release|Any CPU.Build.0 = Release|Any CPU
		{321B8894-3C5F-40AD-91C9-D77FD6BDD770}.Debug|Any CPU.ActiveCfg = Debug|Any CPU
		{321B8894-3C5F-40AD-91C9-D77FD6BDD770}.Debug|Any CPU.Build.0 = Debug|Any CPU
		{321B8894-3C5F-40AD-91C9-D77FD6BDD770}.Release|Any CPU.ActiveCfg = Release|Any CPU
		{321B8894-3C5F-40AD-91C9-D77FD6BDD770}.Release|Any CPU.Build.0 = Release|Any CPU
		{BE29C738-43D3-46BA-A47A-4EFEE8C2CE39}.Debug|Any CPU.ActiveCfg = Debug|Any CPU
		{BE29C738-43D3-46BA-A47A-4EFEE8C2CE39}.Debug|Any CPU.Build.0 = Debug|Any CPU
		{BE29C738-43D3-46BA-A47A-4EFEE8C2CE39}.Release|Any CPU.ActiveCfg = Release|Any CPU
		{BE29C738-43D3-46BA-A47A-4EFEE8C2CE39}.Release|Any CPU.Build.0 = Release|Any CPU
		{05630B13-1C9E-4E84-A9B9-C5C12891B75E}.Debug|Any CPU.ActiveCfg = Debug|Any CPU
		{05630B13-1C9E-4E84-A9B9-C5C12891B75E}.Debug|Any CPU.Build.0 = Debug|Any CPU
		{05630B13-1C9E-4E84-A9B9-C5C12891B75E}.Release|Any CPU.ActiveCfg = Release|Any CPU
		{05630B13-1C9E-4E84-A9B9-C5C12891B75E}.Release|Any CPU.Build.0 = Release|Any CPU
		{5283B720-47F7-4D1D-86E1-E6ED570BCDBC}.Debug|Any CPU.ActiveCfg = Debug|Any CPU
		{5283B720-47F7-4D1D-86E1-E6ED570BCDBC}.Debug|Any CPU.Build.0 = Debug|Any CPU
		{5283B720-47F7-4D1D-86E1-E6ED570BCDBC}.Release|Any CPU.ActiveCfg = Release|Any CPU
		{5283B720-47F7-4D1D-86E1-E6ED570BCDBC}.Release|Any CPU.Build.0 = Release|Any CPU
	EndGlobalSection
EndGlobal
